{
  "nodes": {
    "custom-nixpkgs": {
      "inputs": {
        "nixpkgs": "nixpkgs"
      },
      "locked": {
        "lastModified": 1717534585,
        "narHash": "sha256-nebGGdMGbX8sOmWWo415zG37JgX29X8/AsY9jWOKDyY=",
        "owner": "Open-Systems-Innovation",
        "repo": "custom-nixpkgs",
        "rev": "983ec88741774175a3d1e9495f585748062b5473",
        "type": "github"
      },
      "original": {
        "owner": "Open-Systems-Innovation",
        "repo": "custom-nixpkgs",
        "type": "github"
      }
    },
    "nixpkgs": {
      "locked": {
        "lastModified": 1717090882,
        "narHash": "sha256-Up5tvtY9YlVEyVn9hfZcxFQi5qVhQ5hdVNGPQOUchNw=",
        "owner": "NixOS",
        "repo": "nixpkgs",
        "rev": "d24e7fdcfaecdca496ddd426cae98c9e2d12dfe8",
        "type": "github"
      },
      "original": {
        "owner": "NixOS",
        "ref": "nixos-24.05",
        "repo": "nixpkgs",
        "type": "github"
      }
    },
    "nixpkgs_2": {
      "locked": {
        "lastModified": 1717196966,
        "narHash": "sha256-yZKhxVIKd2lsbOqYd5iDoUIwsRZFqE87smE2Vzf6Ck0=",
        "owner": "NixOS",
        "repo": "nixpkgs",
        "rev": "57610d2f8f0937f39dbd72251e9614b1561942d8",
        "type": "github"
      },
      "original": {
        "owner": "NixOS",
        "ref": "nixos-unstable",
        "repo": "nixpkgs",
        "type": "github"
      }
    },
    "root": {
      "inputs": {
        "custom-nixpkgs": "custom-nixpkgs",
        "nixpkgs": "nixpkgs_2"
      }
    }
  },
  "root": "root",
  "version": 7
}
